{
    "_readme": [
        "This file locks the dependencies of your project to a known state",
        "Read more about it at https://getcomposer.org/doc/01-basic-usage.md#installing-dependencies",
        "This file is @generated automatically"
    ],
    "content-hash": "7cfba06ba66fffba847c9582244294fc",
    "packages": [
        {
            "name": "bornfight/wp-helpers-bf",
            "version": "v2.4",
            "source": {
                "type": "git",
                "url": "https://github.com/bornfight/wp-helpers-bf.git",
                "reference": "7a8a72959b16bfcf9b35b36cc14a819203414fba"
            },
            "dist": {
                "type": "zip",
                "url": "https://api.github.com/repos/bornfight/wp-helpers-bf/zipball/7a8a72959b16bfcf9b35b36cc14a819203414fba",
                "reference": "7a8a72959b16bfcf9b35b36cc14a819203414fba",
                "shasum": ""
            },
            "type": "library",
            "autoload": {
                "psr-4": {
                    "bornfight\\wpHelpers\\": "src"
                }
            },
            "license": [
                "MIT"
            ],
            "authors": [
                {
                    "name": "WP team",
                    "email": "wpadmin@bornfight.com"
                }
            ],
            "description": "Standard package for WP development used at Bornfight",
            "support": {
                "source": "https://github.com/bornfight/wp-helpers-bf/tree/v2.4",
                "issues": "https://github.com/bornfight/wp-helpers-bf/issues"
            },
            "time": "2020-07-31T13:18:59+00:00"
        }
    ],
    "packages-dev": [],
    "aliases": [],
    "minimum-stability": "stable",
    "stability-flags": [],
    "prefer-stable": false,
    "prefer-lowest": false,
    "platform": {
        "ext-curl": "*",
        "ext-json": "*"
    },
    "platform-dev": []
}
